
Microsoft Visual Studio Solution File, Format Version 12.00
# Visual Studio Version 17
VisualStudioVersion = 17.0.32112.339
MinimumVisualStudioVersion = 10.0.40219.1
Project("{8BC9CEB8-8B4A-11D0-8D11-00A0C91BC942}") = "lab1_2", "lab1_2\lab1_2.vcxproj", "{7794FEFC-7D71-41AE-B8B7-C6546FE9EB4A}"
EndProject
Project("{8BC9CEB8-8B4A-11D0-8D11-00A0C91BC942}") = "lab1", "lab1_1\lab1.vcxproj", "{16048837-C26C-4E36-A224-489231B10DA8}"
EndProject
Global
	GlobalSection(SolutionConfigurationPlatforms) = preSolution
		Debug|x64 = Debug|x64
		Debug|x86 = Debug|x86
		Release|x64 = Release|x64
		Release|x86 = Release|x86
	EndGlobalSection
	GlobalSection(ProjectConfigurationPlatforms) = postSolution
		{7794FEFC-7D71-41AE-B8B7-C6546FE9EB4A}.Debug|x64.ActiveCfg = Debug|x64
		{7794FEFC-7D71-41AE-B8B7-C6546FE9EB4A}.Debug|x64.Build.0 = Debug|x64
		{7794FEFC-7D71-41AE-B8B7-C6546FE9EB4A}.Debug|x86.ActiveCfg = Debug|Win32
		{7794FEFC-7D71-41AE-B8B7-C6546FE9EB4A}.Debug|x86.Build.0 = Debug|Win32
		{7794FEFC-7D71-41AE-B8B7-C6546FE9EB4A}.Release|x64.ActiveCfg = Release|x64
		{7794FEFC-7D71-41AE-B8B7-C6546FE9EB4A}.Release|x64.Build.0 = Release|x64
		{7794FEFC-7D71-41AE-B8B7-C6546FE9EB4A}.Release|x86.ActiveCfg = Release|Win32
		{7794FEFC-7D71-41AE-B8B7-C6546FE9EB4A}.Release|x86.Build.0 = Release|Win32
		{16048837-C26C-4E36-A224-489231B10DA8}.Debug|x64.ActiveCfg = Debug|x64
		{16048837-C26C-4E36-A224-489231B10DA8}.Debug|x64.Build.0 = Debug|x64
		{16048837-C26C-4E36-A224-489231B10DA8}.Debug|x86.ActiveCfg = Debug|Win32
		{16048837-C26C-4E36-A224-489231B10DA8}.Debug|x86.Build.0 = Debug|Win32
		{16048837-C26C-4E36-A224-489231B10DA8}.Release|x64.ActiveCfg = Release|x64
		{16048837-C26C-4E36-A224-489231B10DA8}.Release|x64.Build.0 = Release|x64
		{16048837-C26C-4E36-A224-489231B10DA8}.Release|x86.ActiveCfg = Release|Win32
		{16048837-C26C-4E36-A224-489231B10DA8}.Release|x86.Build.0 = Release|Win32
	EndGlobalSection
	GlobalSection(SolutionProperties) = preSolution
		HideSolutionNode = FALSE
	EndGlobalSection
	GlobalSection(ExtensibilityGlobals) = postSolution
		SolutionGuid = {1ABF630F-A31C-40E3-ADCA-3301BDB3B852}
	EndGlobalSection
EndGlobal
